{
  "lockfileVersion": 1,
  "configVersion": 1,
  "workspaces": {
    "": {
      "name": "vibe-codr",
      "devDependencies": {
        "@types/bun": "^1.2.0",
        "@types/node": "^22.10.0",
        "turbo": "^2.3.0",
        "typescript": "^5.7.0",
      },
    },
    "packages/cli": {
      "name": "@vibe/cli",
      "version": "0.0.0",
      "bin": {
        "vibe": "./bin/vibe.ts",
      },
      "dependencies": {
        "@vibe/config": "workspace:*",
        "@vibe/core": "workspace:*",
        "@vibe/shared": "workspace:*",
        "@vibe/tui": "workspace:*",
      },
    },
    "packages/config": {
      "name": "@vibe/config",
      "version": "0.0.0",
      "dependencies": {
        "@vibe/shared": "workspace:*",
        "zod": "^4.0.0",
      },
    },
    "packages/core": {
      "name": "@vibe/core",
      "version": "0.0.0",
      "dependencies": {
        "@vibe/config": "workspace:*",
        "@vibe/plugins": "workspace:*",
        "@vibe/providers": "workspace:*",
        "@vibe/shared": "workspace:*",
        "@vibe/tools": "workspace:*",
        "ai": "^5.0.0",
      },
    },
    "packages/plugins": {
      "name": "@vibe/plugins",
      "version": "0.0.0",
      "dependencies": {
        "@vibe/providers": "workspace:*",
        "@vibe/shared": "workspace:*",
      },
    },
    "packages/providers": {
      "name": "@vibe/providers",
      "version": "0.0.0",
      "dependencies": {
        "@vibe/config": "workspace:*",
        "@vibe/shared": "workspace:*",
        "ai": "^5.0.0",
      },
      "peerDependencies": {
        "@ai-sdk/anthropic": "*",
        "@ai-sdk/baseten": "*",
        "@ai-sdk/deepseek": "*",
        "@ai-sdk/fireworks": "*",
        "@ai-sdk/openai": "*",
        "@ai-sdk/openai-compatible": "*",
        "@ai-sdk/xai": "*",
        "@openrouter/ai-sdk-provider": "*",
      },
      "optionalPeers": [
        "@ai-sdk/anthropic",
        "@ai-sdk/baseten",
        "@ai-sdk/deepseek",
        "@ai-sdk/fireworks",
        "@ai-sdk/openai",
        "@ai-sdk/openai-compatible",
        "@ai-sdk/xai",
        "@openrouter/ai-sdk-provider",
      ],
    },
    "packages/shared": {
      "name": "@vibe/shared",
      "version": "0.0.0",
      "dependencies": {
        "zod": "^4.0.0",
      },
    },
    "packages/tools": {
      "name": "@vibe/tools",
      "version": "0.0.0",
      "dependencies": {
        "@vibe/shared": "workspace:*",
        "ai": "^5.0.0",
        "zod": "^4.0.0",
      },
    },
    "packages/tui": {
      "name": "@vibe/tui",
      "version": "0.0.0",
      "dependencies": {
        "@vibe/shared": "workspace:*",
      },
      "peerDependencies": {
        "@opentui/core": "*",
        "@opentui/solid": "*",
        "solid-js": "*",
      },
      "optionalPeers": [
        "@opentui/core",
        "@opentui/solid",
        "solid-js",
      ],
    },
  },
  "packages": {
    "@ai-sdk/gateway": ["@ai-sdk/gateway@2.0.105", "", { "dependencies": { "@ai-sdk/provider": "2.0.3", "@ai-sdk/provider-utils": "3.0.27", "@vercel/oidc": "3.1.0" }, "peerDependencies": { "zod": "^3.25.76 || ^4.1.8" } }, "sha512-X0cdnJ/B422AvtKf5C2ZO8cyVf36utX8DORg6AHux1+a3EGYSLIy91L6MrUKOP68c7dL3WnAirOaiQrGL8rueQ=="],

    "@ai-sdk/provider": ["@ai-sdk/provider@2.0.3", "", { "dependencies": { "json-schema": "^0.4.0" } }, "sha512-h88OPkavHTiN9tMn2l5awAznGB0lXzjcLhgR1/rvjB2zlLprsNxbM2tt6OJsHUxduLC3klq0/eqaSf6fX5XVww=="],

    "@ai-sdk/provider-utils": ["@ai-sdk/provider-utils@3.0.27", "", { "dependencies": { "@ai-sdk/provider": "2.0.3", "@standard-schema/spec": "^1.0.0", "eventsource-parser": "^3.0.6" }, "peerDependencies": { "zod": "^3.25.76 || ^4.1.8" } }, "sha512-JFhJK5ynprll2FR3e+sHagJJIwvIagsNA0FLbLPq2Os4yLUK2/eiaCU0jXsADik73/hhvcPPLmD+Uo8eu5kFaQ=="],

    "@opentelemetry/api": ["@opentelemetry/api@1.9.0", "", {}, "sha512-3giAOQvZiH5F9bMlMiv8+GSPMeqg0dbaeo58/0SlA9sxSqZhnUtxzX9/2FzyhS9sWQf5S0GJE0AKBrFqjpeYcg=="],

    "@standard-schema/spec": ["@standard-schema/spec@1.1.0", "", {}, "sha512-l2aFy5jALhniG5HgqrD6jXLi/rUWrKvqN/qJx6yoJsgKhblVd+iqqU4RCXavm/jPityDo5TCvKMnpjKnOriy0w=="],

    "@turbo/darwin-64": ["@turbo/darwin-64@2.10.0", "", { "os": "darwin", "cpu": "x64" }, "sha512-EwvHThXzpY0KGd1/NAmuewI5D+aVa3Rl/OlxE36yfjUKb/+ySrfJrSlEFt8aD1OXwnnaHnQnPKHFndor0Zxlsg=="],

    "@turbo/darwin-arm64": ["@turbo/darwin-arm64@2.10.0", "", { "os": "darwin", "cpu": "arm64" }, "sha512-9d2fTyyG0lf5Wq1bwJA9qUaeecViMkLcdctWaMMmCkxZ/JqypmqOwK3W6vmejeKVgkr06gSoiX8bD+xN5Jpxcg=="],

    "@turbo/linux-64": ["@turbo/linux-64@2.10.0", "", { "os": "linux", "cpu": "x64" }, "sha512-sZBtjMuufitanjzi6UssoUpJMnnPlLMcdcJj3m3ptNsSq31Xh7MnjhwA5nWvLDTfEFg8GPcbYFXMo8vSdKRfqQ=="],

    "@turbo/linux-arm64": ["@turbo/linux-arm64@2.10.0", "", { "os": "linux", "cpu": "arm64" }, "sha512-vkq/Z8R+1DQ+kifWFa810IjRy2NNBVvha3cg9sWA3nFh6nnGrHSMnnJKrzH7c/No9kq4Jb55Ru44YKsCSBgrKg=="],

    "@turbo/windows-64": ["@turbo/windows-64@2.10.0", "", { "os": "win32", "cpu": "x64" }, "sha512-CRUEguLWxFQHptYZS7HjPhNhAFawfea07iR+xAQ5e4klgLrPCMdexBkXwSCwOxqTFknJ7RZFN3gOaADsw+Gttg=="],

    "@turbo/windows-arm64": ["@turbo/windows-arm64@2.10.0", "", { "os": "win32", "cpu": "arm64" }, "sha512-dVHGaf9F8twzgibcBqKoADT/LLqf9++jDb+hq/LPWWaOmRpp4M+/pVOm7vy4z9D++xg8eaxWLT0+wQxFwhYu9A=="],

    "@types/bun": ["@types/bun@1.3.14", "", { "dependencies": { "bun-types": "1.3.14" } }, "sha512-h1hFqFVcvAvD9j9K7ZW7vd82aSA+rTdznZa+5bwvCwqSB1jmmfLcbIWhOLx1/+boy/xmjgCs/OMUL8hRJSmnPw=="],

    "@types/node": ["@types/node@22.20.0", "", { "dependencies": { "undici-types": "~6.21.0" } }, "sha512-QWlFW2wf3nTjC13/DqRnBpR4ZO36VJH/JVBkA/vcnmbTBNQIlnObqyqZE1tUR7+Ni23Lda8R1BxMfbXRpCUx5g=="],

    "@vercel/oidc": ["@vercel/oidc@3.1.0", "", {}, "sha512-Fw28YZpRnA3cAHHDlkt7xQHiJ0fcL+NRcIqsocZQUSmbzeIKRpwttJjik5ZGanXP+vlA4SbTg+AbA3bP363l+w=="],

    "@vibe/cli": ["@vibe/cli@workspace:packages/cli"],

    "@vibe/config": ["@vibe/config@workspace:packages/config"],

    "@vibe/core": ["@vibe/core@workspace:packages/core"],

    "@vibe/plugins": ["@vibe/plugins@workspace:packages/plugins"],

    "@vibe/providers": ["@vibe/providers@workspace:packages/providers"],

    "@vibe/shared": ["@vibe/shared@workspace:packages/shared"],

    "@vibe/tools": ["@vibe/tools@workspace:packages/tools"],

    "@vibe/tui": ["@vibe/tui@workspace:packages/tui"],

    "ai": ["ai@5.0.206", "", { "dependencies": { "@ai-sdk/gateway": "2.0.105", "@ai-sdk/provider": "2.0.3", "@ai-sdk/provider-utils": "3.0.27", "@opentelemetry/api": "1.9.0" }, "peerDependencies": { "zod": "^3.25.76 || ^4.1.8" } }, "sha512-LQ+Jh0VAXbLhpiLlkAs4WcBUFzh59B5WVb+YgAya15mMUuXeDdeozw2UduM6tKQ+i6uNaSqtV/bJkiG8Ogp6lA=="],

    "bun-types": ["bun-types@1.3.14", "", { "dependencies": { "@types/node": "*" } }, "sha512-4N0ig0fEomHt5R0KCFWjovxow98rIoRwKolrYdCcknNwMekCXRnWEUvgu5soYV8QXtVsrUD8B95MBOZGPvr6KQ=="],

    "eventsource-parser": ["eventsource-parser@3.1.0", "", {}, "sha512-kJezFj9YFAMLeORyi7aCLxLbD5/qWMQnoMVlVPyHIll7lgRJCc3JVln9Vgl9nwQi0YkMnhdGTMNn7CkRRAptMg=="],

    "json-schema": ["json-schema@0.4.0", "", {}, "sha512-es94M3nTIfsEPisRafak+HDLfHXnKBhV3vU5eqPcS3flIWqcxJWgXHXiey3YrpaNsanY5ei1VoYEbOzijuq9BA=="],

    "turbo": ["turbo@2.10.0", "", { "optionalDependencies": { "@turbo/darwin-64": "2.10.0", "@turbo/darwin-arm64": "2.10.0", "@turbo/linux-64": "2.10.0", "@turbo/linux-arm64": "2.10.0", "@turbo/windows-64": "2.10.0", "@turbo/windows-arm64": "2.10.0" }, "bin": { "turbo": "bin/turbo" } }, "sha512-o016H9PPtuH2deb3mh3Vci3Avfi9UYgM/RONQisY7HnloupP0IFSbFS3gFYJgFJP8nwBrByHWFQIDa8T2zIXPw=="],

    "typescript": ["typescript@5.9.3", "", { "bin": { "tsc": "bin/tsc", "tsserver": "bin/tsserver" } }, "sha512-jl1vZzPDinLr9eUt3J/t7V6FgNEw9QjvBPdysz9KfQDD41fQrC2Y4vKQdiaUpFT4bXlb1RHhLpp8wtm6M5TgSw=="],

    "undici-types": ["undici-types@6.21.0", "", {}, "sha512-iwDZqg0QAGrg9Rav5H4n0M64c3mkR59cJ6wQp+7C4nI0gsmExaedaYLNO44eT4AtBBwjbTiGPMlt2Md0T9H9JQ=="],

    "zod": ["zod@4.4.3", "", {}, "sha512-ytENFjIJFl2UwYglde2jchW2Hwm4GJFLDiSXWdTrJQBIN9Fcyp7n4DhxJEiWNAJMV1/BqWfW/kkg71UDcHJyTQ=="],
  }
}
